
Microsoft Visual Studio Solution File, Format Version 12.00
# Visual Studio Version 17
VisualStudioVersion = 17.5.33516.290
MinimumVisualStudioVersion = 10.0.40219.1
Project("{9A19103F-16F7-4668-BE54-9A1E7A4F7556}") = "BasicConnection", "db-connect\BasicConnection.csproj", "{75FEB7CD-0AB3-475B-8634-DA22DFA6CCA6}"
EndProject
Global
	GlobalSection(SolutionConfigurationPlatforms) = preSolution
		Debug|Any CPU = Debug|Any CPU
		Release|Any CPU = Release|Any CPU
	EndGlobalSection
	GlobalSection(ProjectConfigurationPlatforms) = postSolution
		{75FEB7CD-0AB3-475B-8634-DA22DFA6CCA6}.Debug|Any CPU.ActiveCfg = Debug|Any CPU
		{75FEB7CD-0AB3-475B-8634-DA22DFA6CCA6}.Debug|Any CPU.Build.0 = Debug|Any CPU
		{75FEB7CD-0AB3-475B-8634-DA22DFA6CCA6}.Release|Any CPU.ActiveCfg = Release|Any CPU
		{75FEB7CD-0AB3-475B-8634-DA22DFA6CCA6}.Release|Any CPU.Build.0 = Release|Any CPU
	EndGlobalSection
	GlobalSection(SolutionProperties) = preSolution
		HideSolutionNode = FALSE
	EndGlobalSection
	GlobalSection(ExtensibilityGlobals) = postSolution
		SolutionGuid = {D14A52C3-BA68-4365-9951-324010041299}
	EndGlobalSection
EndGlobal
